
Microsoft Visual Studio Solution File, Format Version 12.00
# Visual Studio Version 17
VisualStudioVersion = 17.7.34024.191
MinimumVisualStudioVersion = 10.0.40219.1
Project("{FAE04EC0-301F-11D3-BF4B-00C04F79EFBC}") = "TowerOfHanoi", "TowerOfHanoi\TowerOfHanoi.csproj", "{F70FEE43-683A-4E11-9E9F-8DE4F14E3B92}"
EndProject
Global
	GlobalSection(SolutionConfigurationPlatforms) = preSolution
		Debug|Any CPU = Debug|Any CPU
		Release|Any CPU = Release|Any CPU
	EndGlobalSection
	GlobalSection(ProjectConfigurationPlatforms) = postSolution
		{F70FEE43-683A-4E11-9E9F-8DE4F14E3B92}.Debug|Any CPU.ActiveCfg = Debug|Any CPU
		{F70FEE43-683A-4E11-9E9F-8DE4F14E3B92}.Debug|Any CPU.Build.0 = Debug|Any CPU
		{F70FEE43-683A-4E11-9E9F-8DE4F14E3B92}.Release|Any CPU.ActiveCfg = Release|Any CPU
		{F70FEE43-683A-4E11-9E9F-8DE4F14E3B92}.Release|Any CPU.Build.0 = Release|Any CPU
	EndGlobalSection
	GlobalSection(SolutionProperties) = preSolution
		HideSolutionNode = FALSE
	EndGlobalSection
	GlobalSection(ExtensibilityGlobals) = postSolution
		SolutionGuid = {5B9AEC7F-8E67-4601-B630-B4C344B99F1C}
	EndGlobalSection
EndGlobal
